
Microsoft Visual Studio Solution File, Format Version 12.00
# Visual Studio 15
VisualStudioVersion = 15.0.27130.2020
MinimumVisualStudioVersion = 10.0.40219.1
Project("{FAE04EC0-301F-11D3-BF4B-00C04F79EFBC}") = "Serialization", "Serialization\Serialization.csproj", "{FDB2BA35-AC24-45F6-BF31-DD793811FB01}"
EndProject
Global
	GlobalSection(SolutionConfigurationPlatforms) = preSolution
		Debug|Any CPU = Debug|Any CPU
		Release|Any CPU = Release|Any CPU
	EndGlobalSection
	GlobalSection(ProjectConfigurationPlatforms) = postSolution
		{FDB2BA35-AC24-45F6-BF31-DD793811FB01}.Debug|Any CPU.ActiveCfg = Debug|Any CPU
		{FDB2BA35-AC24-45F6-BF31-DD793811FB01}.Debug|Any CPU.Build.0 = Debug|Any CPU
		{FDB2BA35-AC24-45F6-BF31-DD793811FB01}.Release|Any CPU.ActiveCfg = Release|Any CPU
		{FDB2BA35-AC24-45F6-BF31-DD793811FB01}.Release|Any CPU.Build.0 = Release|Any CPU
	EndGlobalSection
	GlobalSection(SolutionProperties) = preSolution
		HideSolutionNode = FALSE
	EndGlobalSection
	GlobalSection(ExtensibilityGlobals) = postSolution
		SolutionGuid = {54D1D287-E511-4FC5-9CB1-E59BC69301CA}
	EndGlobalSection
EndGlobal
