
Microsoft Visual Studio Solution File, Format Version 12.00
# Visual Studio 15
VisualStudioVersion = 15.0.27130.2020
MinimumVisualStudioVersion = 10.0.40219.1
Project("{FAE04EC0-301F-11D3-BF4B-00C04F79EFBC}") = "StackFilesList", "StackFilesList\StackFilesList.csproj", "{006FBB26-DCF0-47A2-9C75-46A3CB4F3C93}"
EndProject
Global
	GlobalSection(SolutionConfigurationPlatforms) = preSolution
		Debug|Any CPU = Debug|Any CPU
		Release|Any CPU = Release|Any CPU
	EndGlobalSection
	GlobalSection(ProjectConfigurationPlatforms) = postSolution
		{006FBB26-DCF0-47A2-9C75-46A3CB4F3C93}.Debug|Any CPU.ActiveCfg = Debug|Any CPU
		{006FBB26-DCF0-47A2-9C75-46A3CB4F3C93}.Debug|Any CPU.Build.0 = Debug|Any CPU
		{006FBB26-DCF0-47A2-9C75-46A3CB4F3C93}.Release|Any CPU.ActiveCfg = Release|Any CPU
		{006FBB26-DCF0-47A2-9C75-46A3CB4F3C93}.Release|Any CPU.Build.0 = Release|Any CPU
	EndGlobalSection
	GlobalSection(SolutionProperties) = preSolution
		HideSolutionNode = FALSE
	EndGlobalSection
	GlobalSection(ExtensibilityGlobals) = postSolution
		SolutionGuid = {FAC60FD6-A027-4CA1-9C71-57C4EB9CF21A}
	EndGlobalSection
EndGlobal
